{
  "requires": true,
  "lockfileVersion": 1,
  "dependencies": {
    "leaflet": {
      "version": "1.9.3",
      "resolved": "https://registry.npmjs.org/leaflet/-/leaflet-1.9.3.tgz",
      "integrity": "sha512-iB2cR9vAkDOu5l3HAay2obcUHZ7xwUBBjph8+PGtmW/2lYhbLizWtG7nTeYht36WfOslixQF9D/uSIzhZgGMfQ=="
    },
    "leaflet-area-select": {
      "version": "1.0.5",
      "resolved": "https://registry.npmjs.org/leaflet-area-select/-/leaflet-area-select-1.0.5.tgz",
      "integrity": "sha512-9xUK09gWEYn6ocooU2Ks2HGls6dH49ho14GirPlT6pUuZEG4/Uz73NKjRWgtrpR3BBqrYjU5H1zFVLUSopMhjw==",
      "requires": {
        "leaflet": "^1.6.0"
      }
    }
  }
}
